
Microsoft Visual Studio Solution File, Format Version 12.00
# Visual Studio 15
VisualStudioVersion = 15.0.26730.8
MinimumVisualStudioVersion = 10.0.40219.1
Project("{FAE04EC0-301F-11D3-BF4B-00C04F79EFBC}") = "Task1", "Task1\Task1.csproj", "{80408BA6-0688-47A5-AA8F-79723B8C4571}"
EndProject
Project("{FAE04EC0-301F-11D3-BF4B-00C04F79EFBC}") = "Task2", "Task2\Task2.csproj", "{9BF7A834-468F-4DF8-9131-CF450B6D693D}"
EndProject
Global
	GlobalSection(SolutionConfigurationPlatforms) = preSolution
		Debug|Any CPU = Debug|Any CPU
		Release|Any CPU = Release|Any CPU
	EndGlobalSection
	GlobalSection(ProjectConfigurationPlatforms) = postSolution
		{80408BA6-0688-47A5-AA8F-79723B8C4571}.Debug|Any CPU.ActiveCfg = Debug|Any CPU
		{80408BA6-0688-47A5-AA8F-79723B8C4571}.Debug|Any CPU.Build.0 = Debug|Any CPU
		{80408BA6-0688-47A5-AA8F-79723B8C4571}.Release|Any CPU.ActiveCfg = Release|Any CPU
		{80408BA6-0688-47A5-AA8F-79723B8C4571}.Release|Any CPU.Build.0 = Release|Any CPU
		{9BF7A834-468F-4DF8-9131-CF450B6D693D}.Debug|Any CPU.ActiveCfg = Debug|Any CPU
		{9BF7A834-468F-4DF8-9131-CF450B6D693D}.Debug|Any CPU.Build.0 = Debug|Any CPU
		{9BF7A834-468F-4DF8-9131-CF450B6D693D}.Release|Any CPU.ActiveCfg = Release|Any CPU
		{9BF7A834-468F-4DF8-9131-CF450B6D693D}.Release|Any CPU.Build.0 = Release|Any CPU
	EndGlobalSection
	GlobalSection(SolutionProperties) = preSolution
		HideSolutionNode = FALSE
	EndGlobalSection
	GlobalSection(ExtensibilityGlobals) = postSolution
		SolutionGuid = {A89691A9-CCDC-4B0E-B84F-6404402B7AA0}
	EndGlobalSection
EndGlobal
